// !$*UTF8*$!
{
	archiveVersion = 1;
	classes = {
	};
	objectVersion = 46;
	objects = {

/* Begin PBXBuildFile section */
		B60F90CC1DD4502C00BFFDB0 /* main.c in Sources */ = {isa = PBXBuildFile; fileRef = B60F90CB1DD4502C00BFFDB0 /* main.c */; };
		B60F90D41DD4505100BFFDB0 /* BFArray.c in Sources */ = {isa = PBXBuildFile; fileRef = B60F90D21DD4505100BFFDB0 /* BFArray.c */; };
/* End PBXBuildFile section */

/* Begin PBXCopyFilesBuildPhase section */
		B60F90C61DD4502C00BFFDB0 /* CopyFiles */ = {
			isa = PBXCopyFilesBuildPhase;
			buildActionMask = 2147483647;
			dstPath = /usr/share/man/man1/;
			dstSubfolderSpec = 0;
			files = (
			);
			runOnlyForDeploymentPostprocessing = 1;
		};
/* End PBXCopyFilesBuildPhase section */

/* Begin PBXFileReference section */
		B60F90C81DD4502C00BFFDB0 /* BFArrayRef */ = {isa = PBXFileReference; explicitFileType = "compiled.mach-o.executable"; includeInIndex = 0; path = BFArrayRef; sourceTree = BUILT_PRODUCTS_DIR; };
		B60F90CB1DD4502C00BFFDB0 /* main.c */ = {isa = PBXFileReference; lastKnownFileType = sourcecode.c.c; path = main.c; sourceTree = "<group>"; };
		B60F90D21DD4505100BFFDB0 /* BFArray.c */ = {isa = PBXFileReference; fileEncoding = 4; lastKnownFileType = sourcecode.c.c; path = BFArray.c; sourceTree = "<group>"; };
		B60F90D31DD4505100BFFDB0 /* BFArray.h */ = {isa = PBXFileReference; fileEncoding = 4; lastKnownFileType = sourcecode.c.h; path = BFArray.h; sourceTree = "<group>"; };
/* End PBXFileReference section */

/* Begin PBXFrameworksBuildPhase section */
		B60F90C51DD4502C00BFFDB0 /* Frameworks */ = {
			isa = PBXFrameworksBuildPhase;
			buildActionMask = 2147483647;
			files = (
			);
			runOnlyForDeploymentPostprocessing = 0;
		};
/* End PBXFrameworksBuildPhase section */

/* Begin PBXGroup section */
		B60F90BF1DD4502C00BFFDB0 = {
			isa = PBXGroup;
			children = (
				B60F90CA1DD4502C00BFFDB0 /* BFArrayRef */,
				B60F90C91DD4502C00BFFDB0 /* Products */,
			);
			sourceTree = "<group>";
		};
		B60F90C91DD4502C00BFFDB0 /* Products */ = {
			isa = PBXGroup;
			children = (
				B60F90C81DD4502C00BFFDB0 /* BFArrayRef */,
			);
			name = Products;
			sourceTree = "<group>";
		};
		B60F90CA1DD4502C00BFFDB0 /* BFArrayRef */ = {
			isa = PBXGroup;
			children = (
				B60F90CB1DD4502C00BFFDB0 /* main.c */,
				B60F90D21DD4505100BFFDB0 /* BFArray.c */,
				B60F90D31DD4505100BFFDB0 /* BFArray.h */,
			);
			path = BFArrayRef;
			sourceTree = "<group>";
		};
/* End PBXGroup section */

/* Begin PBXNativeTarget section */
		B60F90C71DD4502C00BFFDB0 /* BFArrayRef */ = {
			isa = PBXNativeTarget;
			buildConfigurationList = B60F90CF1DD4502C00BFFDB0 /* Build configuration list for PBXNativeTarget "BFArrayRef" */;
			buildPhases = (
				B60F90C41DD4502C00BFFDB0 /* Sources */,
				B60F90C51DD4502C00BFFDB0 /* Frameworks */,
				B60F90C61DD4502C00BFFDB0 /* CopyFiles */,
			);
			buildRules = (
			);
			dependencies = (
			);
			name = BFArrayRef;
			productName = BFArrayRef;
			productReference = B60F90C81DD4502C00BFFDB0 /* BFArrayRef */;
			productType = "com.apple.product-type.tool";
		};
/* End PBXNativeTarget section */

/* Begin PBXProject section */
		B60F90C01DD4502C00BFFDB0 /* Project object */ = {
			isa = PBXProject;
			attributes = {
				LastUpgradeCheck = 0730;
				ORGANIZATIONNAME = friday;
				TargetAttributes = {
					B60F90C71DD4502C00BFFDB0 = {
						CreatedOnToolsVersion = 7.3.1;
					};
				};
			};
			buildConfigurationList = B60F90C31DD4502C00BFFDB0 /* Build configuration list for PBXProject "BFArrayRef" */;
			compatibilityVersion = "Xcode 3.2";
			developmentRegion = English;
			hasScannedForEncodings = 0;
			knownRegions = (
				en,
			);
			mainGroup = B60F90BF1DD4502C00BFFDB0;
			productRefGroup = B60F90C91DD4502C00BFFDB0 /* Products */;
			projectDirPath = "";
			projectRoot = "";
			targets = (
				B60F90C71DD4502C00BFFDB0 /* BFArrayRef */,
			);
		};
/* End PBXProject section */

/* Begin PBXSourcesBuildPhase section */
		B60F90C41DD4502C00BFFDB0 /* Sources */ = {
			isa = PBXSourcesBuildPhase;
			buildActionMask = 2147483647;
			files = (
				B60F90CC1DD4502C00BFFDB0 /* main.c in Sources */,
				B60F90D41DD4505100BFFDB0 /* BFArray.c in Sources */,
			);
			runOnlyForDeploymentPostprocessing = 0;
		};
/* End PBXSourcesBuildPhase section */

/* Begin XCBuildConfiguration section */
		B60F90CD1DD4502C00BFFDB0 /* Debug */ = {
			isa = XCBuildConfiguration;
			buildSettings = {
				ALWAYS_SEARCH_USER_PATHS = NO;
				CLANG_ANALYZER_NONNULL = YES;
				CLANG_CXX_LANGUAGE_STANDARD = "gnu++0x";
				CLANG_CXX_LIBRARY = "libc++";
				CLANG_ENABLE_MODULES = YES;
				CLANG_ENABLE_OBJC_ARC = YES;
				CLANG_WARN_BOOL_CONVERSION = YES;
				CLANG_WARN_CONSTANT_CONVERSION = YES;
				CLANG_WARN_DIRECT_OBJC_ISA_USAGE = YES_ERROR;
				CLANG_WARN_EMPTY_BODY = YES;
				CLANG_WARN_ENUM_CONVERSION = YES;
				CLANG_WARN_INT_CONVERSION = YES;
				CLANG_WARN_OBJC_ROOT_CLASS = YES_ERROR;
				CLANG_WARN_UNREACHABLE_CODE = YES;
				CLANG_WARN__DUPLICATE_METHOD_MATCH = YES;
				CODE_SIGN_IDENTITY = "-";
				COPY_PHASE_STRIP = NO;
				DEBUG_INFORMATION_FORMAT = dwarf;
				ENABLE_STRICT_OBJC_MSGSEND = YES;
				ENABLE_TESTABILITY = YES;
				GCC_C_LANGUAGE_STANDARD = gnu99;
				GCC_DYNAMIC_NO_PIC = NO;
				GCC_NO_COMMON_BLOCKS = YES;
				GCC_OPTIMIZATION_LEVEL = 0;
				GCC_PREPROCESSOR_DEFINITIONS = (
					"DEBUG=1",
					"$(inherited)",
				);
				GCC_WARN_64_TO_32_BIT_CONVERSION = YES;
				GCC_WARN_ABOUT_RETURN_TYPE = YES_ERROR;
				GCC_WARN_UNDECLARED_SELECTOR = YES;
				GCC_WARN_UNINITIALIZED_AUTOS = YES_AGGRESSIVE;
				GCC_WARN_UNUSED_FUNCTION = YES;
				GCC_WARN_UNUSED_VARIABLE = YES;
				MACOSX_DEPLOYMENT_TARGET = 10.11;
				MTL_ENABLE_DEBUG_INFO = YES;
				ONLY_ACTIVE_ARCH = YES;
				SDKROOT = macosx;
			};
			name = Debug;
		};
		B60F90CE1DD4502C00BFFDB0 /* Release */ = {
			isa = XCBuildConfiguration;
			buildSettings = {
				ALWAYS_SEARCH_USER_PATHS = NO;
				CLANG_ANALYZER_NONNULL = YES;
				CLANG_CXX_LANGUAGE_STANDARD = "gnu++0x";
				CLANG_CXX_LIBRARY = "libc++";
				CLANG_ENABLE_MODULES = YES;
				CLANG_ENABLE_OBJC_ARC = YES;
				CLANG_WARN_BOOL_CONVERSION = YES;
				CLANG_WARN_CONSTANT_CONVERSION = YES;
				CLANG_WARN_DIRECT_OBJC_ISA_USAGE = YES_ERROR;
				CLANG_WARN_EMPTY_BODY = YES;
				CLANG_WARN_ENUM_CONVERSION = YES;
				CLANG_WARN_INT_CONVERSION = YES;
				CLANG_WARN_OBJC_ROOT_CLASS = YES_ERROR;
				CLANG_WARN_UNREACHABLE_CODE = YES;
				CLANG_WARN__DUPLICATE_METHOD_MATCH = YES;
				CODE_SIGN_IDENTITY = "-";
				COPY_PHASE_STRIP = NO;
				DEBUG_INFORMATION_FORMAT = "dwarf-with-dsym";
				ENABLE_NS_ASSERTIONS = NO;
				ENABLE_STRICT_OBJC_MSGSEND = YES;
				GCC_C_LANGUAGE_STANDARD = gnu99;
				GCC_NO_COMMON_BLOCKS = YES;
				GCC_WARN_64_TO_32_BIT_CONVERSION = YES;
				GCC_WARN_ABOUT_RETURN_TYPE = YES_ERROR;
				GCC_WARN_UNDECLARED_SELECTOR = YES;
				GCC_WARN_UNINITIALIZED_AUTOS = YES_AGGRESSIVE;
				GCC_WARN_UNUSED_FUNCTION = YES;
				GCC_WARN_UNUSED_VARIABLE = YES;
				MACOSX_DEPLOYMENT_TARGET = 10.11;
				MTL_ENABLE_DEBUG_INFO = NO;
				SDKROOT = macosx;
			};
			name = Release;
		};
		B60F90D01DD4502C00BFFDB0 /* Debug */ = {
			isa = XCBuildConfiguration;
			buildSettings = {
				PRODUCT_NAME = "$(TARGET_NAME)";
			};
			name = Debug;
		};
		B60F90D11DD4502C00BFFDB0 /* Release */ = {
			isa = XCBuildConfiguration;
			buildSettings = {
				PRODUCT_NAME = "$(TARGET_NAME)";
			};
			name = Release;
		};
/* End XCBuildConfiguration section */

/* Begin XCConfigurationList section */
		B60F90C31DD4502C00BFFDB0 /* Build configuration list for PBXProject "BFArrayRef" */ = {
			isa = XCConfigurationList;
			buildConfigurations = (
				B60F90CD1DD4502C00BFFDB0 /* Debug */,
				B60F90CE1DD4502C00BFFDB0 /* Release */,
			);
			defaultConfigurationIsVisible = 0;
			defaultConfigurationName = Release;
		};
		B60F90CF1DD4502C00BFFDB0 /* Build configuration list for PBXNativeTarget "BFArrayRef" */ = {
			isa = XCConfigurationList;
			buildConfigurations = (
				B60F90D01DD4502C00BFFDB0 /* Debug */,
				B60F90D11DD4502C00BFFDB0 /* Release */,
			);
			defaultConfigurationIsVisible = 0;
		};
/* End XCConfigurationList section */
	};
	rootObject = B60F90C01DD4502C00BFFDB0 /* Project object */;
}
